
Microsoft Visual Studio Solution File, Format Version 12.00
# Visual Studio Version 16
VisualStudioVersion = 25.0.1700.6
MinimumVisualStudioVersion = 10.0.40219.1
Project("{FAE04EC0-301F-11D3-BF4B-00C04F79EFBC}") = "MasAcercaTiposDeDatos", "MasAcercaTiposDeDatos\MasAcercaTiposDeDatos.csproj", "{E2C973DE-92D8-4A3B-AACD-63FB741F9ACD}"
EndProject
Global
	GlobalSection(SolutionConfigurationPlatforms) = preSolution
		Debug|Any CPU = Debug|Any CPU
		Release|Any CPU = Release|Any CPU
	EndGlobalSection
	GlobalSection(ProjectConfigurationPlatforms) = postSolution
		{E2C973DE-92D8-4A3B-AACD-63FB741F9ACD}.Debug|Any CPU.ActiveCfg = Debug|Any CPU
		{E2C973DE-92D8-4A3B-AACD-63FB741F9ACD}.Debug|Any CPU.Build.0 = Debug|Any CPU
		{E2C973DE-92D8-4A3B-AACD-63FB741F9ACD}.Release|Any CPU.ActiveCfg = Release|Any CPU
		{E2C973DE-92D8-4A3B-AACD-63FB741F9ACD}.Release|Any CPU.Build.0 = Release|Any CPU
	EndGlobalSection
	GlobalSection(SolutionProperties) = preSolution
		HideSolutionNode = FALSE
	EndGlobalSection
	GlobalSection(ExtensibilityGlobals) = postSolution
		SolutionGuid = {C0C3386A-7F30-4A3E-81CE-C23995EF8AC1}
	EndGlobalSection
EndGlobal
