
Microsoft Visual Studio Solution File, Format Version 12.00
# Visual Studio Version 17
VisualStudioVersion = 17.3.32825.248
MinimumVisualStudioVersion = 10.0.40219.1
Project("{FAE04EC0-301F-11D3-BF4B-00C04F79EFBC}") = "Variables", "Variables.csproj", "{1AB5DFF8-B4C7-40C1-AA42-75F10C297993}"
EndProject
Global
	GlobalSection(SolutionConfigurationPlatforms) = preSolution
		Debug|Any CPU = Debug|Any CPU
		Release|Any CPU = Release|Any CPU
	EndGlobalSection
	GlobalSection(ProjectConfigurationPlatforms) = postSolution
		{1AB5DFF8-B4C7-40C1-AA42-75F10C297993}.Debug|Any CPU.ActiveCfg = Debug|Any CPU
		{1AB5DFF8-B4C7-40C1-AA42-75F10C297993}.Debug|Any CPU.Build.0 = Debug|Any CPU
		{1AB5DFF8-B4C7-40C1-AA42-75F10C297993}.Release|Any CPU.ActiveCfg = Release|Any CPU
		{1AB5DFF8-B4C7-40C1-AA42-75F10C297993}.Release|Any CPU.Build.0 = Release|Any CPU
	EndGlobalSection
	GlobalSection(SolutionProperties) = preSolution
		HideSolutionNode = FALSE
	EndGlobalSection
	GlobalSection(ExtensibilityGlobals) = postSolution
		SolutionGuid = {B523AB39-EF82-4310-B251-F1D8877BF129}
	EndGlobalSection
EndGlobal
